<?xml version="1.0" encoding="utf-8"?>
<Project ToolsVersion="4.0" xmlns="http://schemas.microsoft.com/developer/msbuild/2003">
  <ItemGroup>
    <Filter Include="Source Files">
      <UniqueIdentifier>{4FC737F1-C7A5-4376-A066-2A32D752A2FF}</UniqueIdentifier>
      <Extensions>cpp;c;cc;cxx;def;odl;idl;hpj;bat;asm;asmx</Extensions>
    </Filter>
    <Filter Include="Header Files">
      <UniqueIdentifier>{93995380-89BD-4b04-88EB-625FBE52EBFB}</UniqueIdentifier>
      <Extensions>h;hpp;hxx;hm;inl;inc;xsd</Extensions>
    </Filter>
    <Filter Include="Resource Files">
      <UniqueIdentifier>{67DA6AB6-F800-4c08-8B7A-83BB121AAD01}</UniqueIdentifier>
      <Extensions>rc;ico;cur;bmp;dlg;rc2;rct;bin;rgs;gif;jpg;jpeg;jpe;resx;tiff;tif;png;wav;mfcribbon-ms</Extensions>
    </Filter>
  </ItemGroup>
  <ItemGroup>
    <ClCompile Include="ioctl.c">
      <Filter>Source Files</Filter>
    </ClCompile>
    <ClCompile Include="main.c">
      <Filter>Source Files</Filter>
    </ClCompile>
    <ClCompile Include="..\debug.c">
      <Filter>Source Files</Filter>
    </ClCompile>
    <ClCompile Include="..\expect.c">
      <Filter>Source Files</Filter>
    </ClCompile>
    <ClCompile Include="..\latelaunch.c">
      <Filter>Source Files</Filter>
    </ClCompile>
    <ClCompile Include="..\tpm.c">
      <Filter>Source Files</Filter>
    </ClCompile>
    <ClCompile Include="..\intel\acmod.c">
      <Filter>Source Files</Filter>
    </ClCompile>
    <ClCompile Include="..\intel\acpi.c">
      <Filter>Source Files</Filter>
    </ClCompile>
    <ClCompile Include="..\intel\errors.c">
      <Filter>Source Files</Filter>
    </ClCompile>
    <ClCompile Include="..\intel\mtrrs.c">
      <Filter>Source Files</Filter>
    </ClCompile>
    <ClCompile Include="..\intel\txt.c">
      <Filter>Source Files</Filter>
    </ClCompile>
    <ClCompile Include="..\intel\verify.c">
      <Filter>Source Files</Filter>
    </ClCompile>
    <ClCompile Include="..\amd\svm.c">
      <Filter>Source Files</Filter>
    </ClCompile>
    <ClCompile Include="..\resume.c">
      <Filter>Source Files</Filter>
    </ClCompile>
  </ItemGroup>
  <ItemGroup>
    <ClInclude Include="Globals.h">
      <Filter>Header Files</Filter>
    </ClInclude>
    <ClInclude Include="ioctl.h">
      <Filter>Header Files</Filter>
    </ClInclude>
    <ClInclude Include="wintypes.h">
      <Filter>Header Files</Filter>
    </ClInclude>
    <ClInclude Include="..\flicker.h">
      <Filter>Header Files</Filter>
    </ClInclude>
    <ClInclude Include="..\log.h">
      <Filter>Header Files</Filter>
    </ClInclude>
    <ClInclude Include="..\tpm.h">
      <Filter>Header Files</Filter>
    </ClInclude>
    <ClInclude Include="..\intel\acmod.h">
      <Filter>Header Files</Filter>
    </ClInclude>
    <ClInclude Include="..\intel\acpi.h">
      <Filter>Header Files</Filter>
    </ClInclude>
    <ClInclude Include="..\intel\config_regs.h">
      <Filter>Header Files</Filter>
    </ClInclude>
    <ClInclude Include="..\intel\errorcode.h">
      <Filter>Header Files</Filter>
    </ClInclude>
    <ClInclude Include="..\intel\heap.h">
      <Filter>Header Files</Filter>
    </ClInclude>
    <ClInclude Include="..\intel\mle.h">
      <Filter>Header Files</Filter>
    </ClInclude>
    <ClInclude Include="..\intel\mtrrs.h">
      <Filter>Header Files</Filter>
    </ClInclude>
    <ClInclude Include="..\intel\smx.h">
      <Filter>Header Files</Filter>
    </ClInclude>
    <ClInclude Include="..\intel\txt.h">
      <Filter>Header Files</Filter>
    </ClInclude>
    <ClInclude Include="..\intel\verify.h">
      <Filter>Header Files</Filter>
    </ClInclude>
    <ClInclude Include="..\amd\svm.h">
      <Filter>Header Files</Filter>
    </ClInclude>
    <ClInclude Include="txt_processor.h">
      <Filter>Header Files</Filter>
    </ClInclude>
    <ClInclude Include="..\io.h">
      <Filter>Header Files</Filter>
    </ClInclude>
    <ClInclude Include="msr.h">
      <Filter>Header Files</Filter>
    </ClInclude>
    <ClInclude Include="..\..\common\resume.h">
      <Filter>Header Files</Filter>
    </ClInclude>
    <ClInclude Include="..\..\common\resumeoffsets.h">
      <Filter>Header Files</Filter>
    </ClInclude>
    <ClInclude Include="Common\KernUser.h">
      <Filter>Header Files</Filter>
    </ClInclude>
  </ItemGroup>
</Project>